// !$*UTF8*$!
{
	archiveVersion = 1;
	classes = {
	};
	objectVersion = 90;
	objects = {

/* Begin PBXBuildFile section */
		E73266642F2C90CD00BFD4EB /* liveactivityExtension.appex in Embed Foundation Extensions */ = {isa = PBXBuildFile; fileRef = 077FAE6E2E12DE7C007790C5 /* liveactivityExtension.appex */; platformFilter = ios; settings = {ATTRIBUTES = (RemoveHeadersOnCopy, ); }; };
		E73266682F2C90D000BFD4EB /* TeymiaHabitWidgetsExtension.appex in Embed Foundation Extensions */ = {isa = PBXBuildFile; fileRef = 07EA6CCC2E31DFB800171765 /* TeymiaHabitWidgetsExtension.appex */; platformFilter = ios; settings = {ATTRIBUTES = (RemoveHeadersOnCopy, ); }; };
/* End PBXBuildFile section */

/* Begin PBXContainerItemProxy section */
		07F515A62F9E10B500DBC1B4 /* PBXContainerItemProxy */ = {
			isa = PBXContainerItemProxy;
			containerPortal = 07A95EF22D9849F300044A7A /* Project object */;
			proxyType = 1;
			remoteGlobalIDString = 07A95EF92D9849F300044A7A;
			remoteInfo = TeymiaHabit;
		};
		E73266652F2C90CD00BFD4EB /* PBXContainerItemProxy */ = {
			isa = PBXContainerItemProxy;
			containerPortal = 07A95EF22D9849F300044A7A /* Project object */;
			proxyType = 1;
			remoteGlobalIDString = 077FAE6D2E12DE7C007790C5;
			remoteInfo = liveactivityExtension;
		};
		E73266692F2C90D000BFD4EB /* PBXContainerItemProxy */ = {
			isa = PBXContainerItemProxy;
			containerPortal = 07A95EF22D9849F300044A7A /* Project object */;
			proxyType = 1;
			remoteGlobalIDString = 07EA6CCB2E31DFB800171765;
			remoteInfo = TeymiaHabitWidgetsExtension;
		};
/* End PBXContainerItemProxy section */

/* Begin PBXCopyFilesBuildPhase section */
		E73266672F2C90CD00BFD4EB /* Embed Foundation Extensions */ = {
			isa = PBXCopyFilesBuildPhase;
			dstPath = "";
			dstSubfolder = PlugIns;
			files = (
				E73266682F2C90D000BFD4EB /* TeymiaHabitWidgetsExtension.appex in Embed Foundation Extensions */,
				E73266642F2C90CD00BFD4EB /* liveactivityExtension.appex in Embed Foundation Extensions */,
			);
			name = "Embed Foundation Extensions";
		};
/* End PBXCopyFilesBuildPhase section */

/* Begin PBXFileReference section */
		077FAE6E2E12DE7C007790C5 /* liveactivityExtension.appex */ = {isa = PBXFileReference; explicitFileType = "wrapper.app-extension"; includeInIndex = 0; path = liveactivityExtension.appex; sourceTree = BUILT_PRODUCTS_DIR; };
		07A95EFA2D9849F300044A7A /* TeymiaHabit.app */ = {isa = PBXFileReference; explicitFileType = wrapper.application; includeInIndex = 0; path = TeymiaHabit.app; sourceTree = BUILT_PRODUCTS_DIR; };
		07EA6CCC2E31DFB800171765 /* TeymiaHabitWidgetsExtension.appex */ = {isa = PBXFileReference; explicitFileType = "wrapper.app-extension"; includeInIndex = 0; path = TeymiaHabitWidgetsExtension.appex; sourceTree = BUILT_PRODUCTS_DIR; };
		07F515A22F9E10B500DBC1B4 /* TeymiaHabitTests.xctest */ = {isa = PBXFileReference; explicitFileType = wrapper.cfbundle; includeInIndex = 0; path = TeymiaHabitTests.xctest; sourceTree = BUILT_PRODUCTS_DIR; };
/* End PBXFileReference section */

/* Begin PBXFileSystemSynchronizedBuildFileExceptionSet section */
		073339882DEEECEA00F43D31 /* Exceptions for "TeymiaHabit" folder in "TeymiaHabit" target */ = {
			isa = PBXFileSystemSynchronizedBuildFileExceptionSet;
			membershipExceptions = (
				Info.plist,
			);
			platformFiltersByRelativePath = {
				Resources/LaunchScreen.storyboard = (ios, );
			};
			target = 07A95EF92D9849F300044A7A /* TeymiaHabit */;
		};
		077FAE852E12DE7E007790C5 /* Exceptions for "LiveActivity" folder in "liveactivityExtension" target */ = {
			isa = PBXFileSystemSynchronizedBuildFileExceptionSet;
			membershipExceptions = (
				Info.plist,
			);
			target = 077FAE6D2E12DE7C007790C5 /* liveactivityExtension */;
		};
		077FAE882E12E028007790C5 /* Exceptions for "TeymiaHabit" folder in "liveactivityExtension" target */ = {
			isa = PBXFileSystemSynchronizedBuildFileExceptionSet;
			membershipExceptions = (
				Core/Extensions/ViewLayout.swift,
				"Core/Extensions/Сolor.swift",
				Core/UI/DesignSystem.swift,
				Core/UI/HabitIconView.swift,
				Features/Habits/Extensions/TimeFormatting.swift,
				Features/Habits/Models/HabitIconColor.swift,
				Resources/Assets.xcassets,
			);
			target = 077FAE6D2E12DE7C007790C5 /* liveactivityExtension */;
		};
		07EA6CDF2E31DFBC00171765 /* Exceptions for "Widgets" folder in "TeymiaHabitWidgetsExtension" target */ = {
			isa = PBXFileSystemSynchronizedBuildFileExceptionSet;
			membershipExceptions = (
				Info.plist,
			);
			target = 07EA6CCB2E31DFB800171765 /* TeymiaHabitWidgetsExtension */;
		};
		07EA6CE42E31E31A00171765 /* Exceptions for "TeymiaHabit" folder in "TeymiaHabitWidgetsExtension" target */ = {
			isa = PBXFileSystemSynchronizedBuildFileExceptionSet;
			membershipExceptions = (
				Core/Extensions/ViewLayout.swift,
				"Core/Extensions/Сolor.swift",
				Core/UI/DesignSystem.swift,
				Core/UI/HabitIconView.swift,
				"Features/Habits/Extensions/Calendar+Extensions.swift",
				Features/Habits/Extensions/TimeFormatting.swift,
				Features/Habits/Models/Habit.swift,
				Features/Habits/Models/HabitCompletion.swift,
				Features/Habits/Models/HabitIconColor.swift,
				Features/Habits/Models/HabitType.swift,
				Features/Habits/Utilities/Weekday.swift,
				Resources/Assets.xcassets,
			);
			target = 07EA6CCB2E31DFB800171765 /* TeymiaHabitWidgetsExtension */;
		};
		E7CC25822F9F7A6700BC994A /* Exceptions for "LiveActivity" folder in "TeymiaHabit" target */ = {
			isa = PBXFileSystemSynchronizedBuildFileExceptionSet;
			membershipExceptions = (
				LiveActivityState.swift,
				LiveActivityTypes.swift,
			);
			target = 07A95EF92D9849F300044A7A /* TeymiaHabit */;
		};
/* End PBXFileSystemSynchronizedBuildFileExceptionSet section */

/* Begin PBXFileSystemSynchronizedRootGroup section */
		077FAE712E12DE7C007790C5 /* LiveActivity */ = {
			isa = PBXFileSystemSynchronizedRootGroup;
			exceptions = (
				E7CC25822F9F7A6700BC994A /* Exceptions for "LiveActivity" folder in "TeymiaHabit" target */,
				077FAE852E12DE7E007790C5 /* Exceptions for "LiveActivity" folder in "liveactivityExtension" target */,
			);
			path = LiveActivity;
			sourceTree = "<group>";
		};
		07A95EFC2D9849F300044A7A /* TeymiaHabit */ = {
			isa = PBXFileSystemSynchronizedRootGroup;
			exceptions = (
				073339882DEEECEA00F43D31 /* Exceptions for "TeymiaHabit" folder in "TeymiaHabit" target */,
				077FAE882E12E028007790C5 /* Exceptions for "TeymiaHabit" folder in "liveactivityExtension" target */,
				07EA6CE42E31E31A00171765 /* Exceptions for "TeymiaHabit" folder in "TeymiaHabitWidgetsExtension" target */,
			);
			path = TeymiaHabit;
			sourceTree = "<group>";
		};
		07EA6CCF2E31DFB900171765 /* Widgets */ = {
			isa = PBXFileSystemSynchronizedRootGroup;
			exceptions = (
				07EA6CDF2E31DFBC00171765 /* Exceptions for "Widgets" folder in "TeymiaHabitWidgetsExtension" target */,
			);
			path = Widgets;
			sourceTree = "<group>";
		};
		07F515A32F9E10B500DBC1B4 /* TeymiaHabitTests */ = {
			isa = PBXFileSystemSynchronizedRootGroup;
			path = TeymiaHabitTests;
			sourceTree = "<group>";
		};
/* End PBXFileSystemSynchronizedRootGroup section */

/* Begin PBXFrameworksBuildPhase section */
		077FAE6B2E12DE7C007790C5 /* Frameworks */ = {
			isa = PBXFrameworksBuildPhase;
			files = (
			);
		};
		07A95EF72D9849F300044A7A /* Frameworks */ = {
			isa = PBXFrameworksBuildPhase;
			files = (
			);
		};
		07EA6CC92E31DFB800171765 /* Frameworks */ = {
			isa = PBXFrameworksBuildPhase;
			files = (
			);
		};
		07F5159F2F9E10B500DBC1B4 /* Frameworks */ = {
			isa = PBXFrameworksBuildPhase;
			files = (
			);
		};
/* End PBXFrameworksBuildPhase section */

/* Begin PBXGroup section */
		07A95EF12D9849F300044A7A = {
			isa = PBXGroup;
			children = (
				07A95EFC2D9849F300044A7A /* TeymiaHabit */,
				077FAE712E12DE7C007790C5 /* LiveActivity */,
				07EA6CCF2E31DFB900171765 /* Widgets */,
				07F515A32F9E10B500DBC1B4 /* TeymiaHabitTests */,
				07A95EFB2D9849F300044A7A /* Products */,
			);
			sourceTree = "<group>";
		};
		07A95EFB2D9849F300044A7A /* Products */ = {
			isa = PBXGroup;
			children = (
				07A95EFA2D9849F300044A7A /* TeymiaHabit.app */,
				077FAE6E2E12DE7C007790C5 /* liveactivityExtension.appex */,
				07EA6CCC2E31DFB800171765 /* TeymiaHabitWidgetsExtension.appex */,
				07F515A22F9E10B500DBC1B4 /* TeymiaHabitTests.xctest */,
			);
			name = Products;
			sourceTree = "<group>";
		};
/* End PBXGroup section */

/* Begin PBXNativeTarget section */
		077FAE6D2E12DE7C007790C5 /* liveactivityExtension */ = {
			isa = PBXNativeTarget;
			buildConfigurationList = 077FAE822E12DE7E007790C5 /* Build configuration list for PBXNativeTarget "liveactivityExtension" */;
			buildPhases = (
				077FAE6A2E12DE7C007790C5 /* Sources */,
				077FAE6B2E12DE7C007790C5 /* Frameworks */,
				077FAE6C2E12DE7C007790C5 /* Resources */,
			);
			buildRules = (
			);
			fileSystemSynchronizedGroups = (
				077FAE712E12DE7C007790C5 /* LiveActivity */,
			);
			name = liveactivityExtension;
			productName = liveactivityExtension;
			productReference = 077FAE6E2E12DE7C007790C5 /* liveactivityExtension.appex */;
			productType = "com.apple.product-type.app-extension";
		};
		07A95EF92D9849F300044A7A /* TeymiaHabit */ = {
			isa = PBXNativeTarget;
			buildConfigurationList = 07A95F082D9849F400044A7A /* Build configuration list for PBXNativeTarget "TeymiaHabit" */;
			buildPhases = (
				07A95EF62D9849F300044A7A /* Sources */,
				07A95EF72D9849F300044A7A /* Frameworks */,
				07A95EF82D9849F300044A7A /* Resources */,
				E73266672F2C90CD00BFD4EB /* Embed Foundation Extensions */,
				E7637B3D2F93546F003B9432 /* ShellScript */,
			);
			buildRules = (
			);
			dependencies = (
				E73266662F2C90CD00BFD4EB /* PBXTargetDependency */,
				E732666A2F2C90D000BFD4EB /* PBXTargetDependency */,
			);
			fileSystemSynchronizedGroups = (
				07A95EFC2D9849F300044A7A /* TeymiaHabit */,
			);
			name = TeymiaHabit;
			productName = Tymi;
			productReference = 07A95EFA2D9849F300044A7A /* TeymiaHabit.app */;
			productType = "com.apple.product-type.application";
		};
		07EA6CCB2E31DFB800171765 /* TeymiaHabitWidgetsExtension */ = {
			isa = PBXNativeTarget;
			buildConfigurationList = 07EA6CDE2E31DFBC00171765 /* Build configuration list for PBXNativeTarget "TeymiaHabitWidgetsExtension" */;
			buildPhases = (
				07EA6CC82E31DFB800171765 /* Sources */,
				07EA6CC92E31DFB800171765 /* Frameworks */,
				07EA6CCA2E31DFB800171765 /* Resources */,
			);
			buildRules = (
			);
			fileSystemSynchronizedGroups = (
				07EA6CCF2E31DFB900171765 /* Widgets */,
			);
			name = TeymiaHabitWidgetsExtension;
			productName = TeymiaHabitWidgetsExtension;
			productReference = 07EA6CCC2E31DFB800171765 /* TeymiaHabitWidgetsExtension.appex */;
			productType = "com.apple.product-type.app-extension";
		};
		07F515A12F9E10B500DBC1B4 /* TeymiaHabitTests */ = {
			isa = PBXNativeTarget;
			buildConfigurationList = 07F515A82F9E10B500DBC1B4 /* Build configuration list for PBXNativeTarget "TeymiaHabitTests" */;
			buildPhases = (
				07F5159E2F9E10B500DBC1B4 /* Sources */,
				07F5159F2F9E10B500DBC1B4 /* Frameworks */,
				07F515A02F9E10B500DBC1B4 /* Resources */,
			);
			buildRules = (
			);
			dependencies = (
				07F515A72F9E10B500DBC1B4 /* PBXTargetDependency */,
			);
			fileSystemSynchronizedGroups = (
				07F515A32F9E10B500DBC1B4 /* TeymiaHabitTests */,
			);
			name = TeymiaHabitTests;
			productName = TeymiaHabitTests;
			productReference = 07F515A22F9E10B500DBC1B4 /* TeymiaHabitTests.xctest */;
			productType = "com.apple.product-type.bundle.unit-test";
		};
/* End PBXNativeTarget section */

/* Begin PBXProject section */
		07A95EF22D9849F300044A7A /* Project object */ = {
			isa = PBXProject;
			attributes = {
				BuildIndependentTargetsInParallel = 1;
				LastSwiftUpdateCheck = 2640;
				LastUpgradeCheck = 2640;
				TargetAttributes = {
					077FAE6D2E12DE7C007790C5 = {
						CreatedOnToolsVersion = 16.4;
					};
					07A95EF92D9849F300044A7A = {
						CreatedOnToolsVersion = 16.2;
					};
					07EA6CCB2E31DFB800171765 = {
						CreatedOnToolsVersion = 16.4;
					};
					07F515A12F9E10B500DBC1B4 = {
						CreatedOnToolsVersion = 26.4;
						LastSwiftMigration = 2640;
						TestTargetID = 07A95EF92D9849F300044A7A;
					};
				};
			};
			buildConfigurationList = 07A95EF52D9849F300044A7A /* Build configuration list for PBXProject "TeymiaHabit" */;
			developmentRegion = en;
			hasScannedForEncodings = 0;
			knownRegions = (
				en,
				ru,
				"ky-KG",
				"zh-Hans",
				es,
				fr,
				de,
				"pt-BR",
				ja,
				ko,
				hi,
				"zh-HK",
				"zh-Hant",
				tr,
				kk,
				vi,
				it,
				id,
				Base,
			);
			mainGroup = 07A95EF12D9849F300044A7A;
			minimizedProjectReferenceProxies = 1;
			packageReferences = (
			);
			preferredProjectObjectVersion = 90;
			productRefGroup = 07A95EFB2D9849F300044A7A /* Products */;
			projectDirPath = "";
			projectRoot = "";
			targets = (
				07A95EF92D9849F300044A7A /* TeymiaHabit */,
				077FAE6D2E12DE7C007790C5 /* liveactivityExtension */,
				07EA6CCB2E31DFB800171765 /* TeymiaHabitWidgetsExtension */,
				07F515A12F9E10B500DBC1B4 /* TeymiaHabitTests */,
			);
		};
/* End PBXProject section */

/* Begin PBXResourcesBuildPhase section */
		077FAE6C2E12DE7C007790C5 /* Resources */ = {
			isa = PBXResourcesBuildPhase;
			files = (
			);
		};
		07A95EF82D9849F300044A7A /* Resources */ = {
			isa = PBXResourcesBuildPhase;
			files = (
			);
		};
		07EA6CCA2E31DFB800171765 /* Resources */ = {
			isa = PBXResourcesBuildPhase;
			files = (
			);
		};
		07F515A02F9E10B500DBC1B4 /* Resources */ = {
			isa = PBXResourcesBuildPhase;
			files = (
			);
		};
/* End PBXResourcesBuildPhase section */

/* Begin PBXShellScriptBuildPhase section */
		E7637B3D2F93546F003B9432 /* ShellScript */ = {
			isa = PBXShellScriptBuildPhase;
			alwaysOutOfDate = 1;
			shellPath = /bin/sh;
			shellScript = (
				"export PATH=\"$PATH:/opt/homebrew/bin\"",
				"if which swiftlint >/dev/null; then",
				"  swiftlint",
				"else",
				"  echo \"warning: SwiftLint not installed, download from https://github.com\"",
				"fi",
				"",
			);
		};
/* End PBXShellScriptBuildPhase section */

/* Begin PBXSourcesBuildPhase section */
		077FAE6A2E12DE7C007790C5 /* Sources */ = {
			isa = PBXSourcesBuildPhase;
			files = (
			);
		};
		07A95EF62D9849F300044A7A /* Sources */ = {
			isa = PBXSourcesBuildPhase;
			files = (
			);
		};
		07EA6CC82E31DFB800171765 /* Sources */ = {
			isa = PBXSourcesBuildPhase;
			files = (
			);
		};
		07F5159E2F9E10B500DBC1B4 /* Sources */ = {
			isa = PBXSourcesBuildPhase;
			files = (
			);
		};
/* End PBXSourcesBuildPhase section */

/* Begin PBXTargetDependency section */
		07F515A72F9E10B500DBC1B4 /* PBXTargetDependency */ = {
			isa = PBXTargetDependency;
			platformFilter = ios;
			target = 07A95EF92D9849F300044A7A /* TeymiaHabit */;
			targetProxy = 07F515A62F9E10B500DBC1B4 /* PBXContainerItemProxy */;
		};
		E73266662F2C90CD00BFD4EB /* PBXTargetDependency */ = {
			isa = PBXTargetDependency;
			platformFilter = ios;
			target = 077FAE6D2E12DE7C007790C5 /* liveactivityExtension */;
			targetProxy = E73266652F2C90CD00BFD4EB /* PBXContainerItemProxy */;
		};
		E732666A2F2C90D000BFD4EB /* PBXTargetDependency */ = {
			isa = PBXTargetDependency;
			platformFilter = ios;
			target = 07EA6CCB2E31DFB800171765 /* TeymiaHabitWidgetsExtension */;
			targetProxy = E73266692F2C90D000BFD4EB /* PBXContainerItemProxy */;
		};
/* End PBXTargetDependency section */

/* Begin XCBuildConfiguration section */
		077FAE832E12DE7E007790C5 /* Debug configuration for PBXNativeTarget "liveactivityExtension" */ = {
			isa = XCBuildConfiguration;
			buildSettings = {
				ASSETCATALOG_COMPILER_GLOBAL_ACCENT_COLOR_NAME = AccentColor;
				ASSETCATALOG_COMPILER_INCLUDE_ALL_APPICON_ASSETS = NO;
				ASSETCATALOG_COMPILER_WIDGET_BACKGROUND_COLOR_NAME = WidgetBackground;
				CODE_SIGN_ENTITLEMENTS = LiveActivity/LiveActivity.entitlements;
				CODE_SIGN_STYLE = Automatic;
				CURRENT_PROJECT_VERSION = 1;
				DEVELOPMENT_TEAM = SXCBCPV7Y9;
				GENERATE_INFOPLIST_FILE = YES;
				INFOPLIST_FILE = liveactivity/Info.plist;
				INFOPLIST_KEY_CFBundleDisplayName = LiveActivityExtension;
				INFOPLIST_KEY_NSHumanReadableCopyright = "";
				IPHONEOS_DEPLOYMENT_TARGET = 26.0;
				LD_RUNPATH_SEARCH_PATHS = (
					"$(inherited)",
					"@executable_path/Frameworks",
					"@executable_path/../../Frameworks",
				);
				MARKETING_VERSION = 2.1;
				PRODUCT_BUNDLE_IDENTIFIER = com.amanbayserkeev.teymiahabit.liveactivity;
				PRODUCT_NAME = "$(TARGET_NAME)";
				SKIP_INSTALL = YES;
				SUPPORTED_PLATFORMS = "iphoneos iphonesimulator";
				SUPPORTS_MACCATALYST = NO;
				SUPPORTS_MAC_DESIGNED_FOR_IPHONE_IPAD = NO;
				SUPPORTS_XR_DESIGNED_FOR_IPHONE_IPAD = NO;
				SWIFT_EMIT_LOC_STRINGS = YES;
				SWIFT_VERSION = 5.0;
				TARGETED_DEVICE_FAMILY = 1;
			};
			name = Debug;
		};
		077FAE842E12DE7E007790C5 /* Release configuration for PBXNativeTarget "liveactivityExtension" */ = {
			isa = XCBuildConfiguration;
			buildSettings = {
				ASSETCATALOG_COMPILER_GLOBAL_ACCENT_COLOR_NAME = AccentColor;
				ASSETCATALOG_COMPILER_INCLUDE_ALL_APPICON_ASSETS = NO;
				ASSETCATALOG_COMPILER_WIDGET_BACKGROUND_COLOR_NAME = WidgetBackground;
				CODE_SIGN_ENTITLEMENTS = LiveActivity/LiveActivity.entitlements;
				CODE_SIGN_STYLE = Automatic;
				CURRENT_PROJECT_VERSION = 1;
				DEVELOPMENT_TEAM = SXCBCPV7Y9;
				GENERATE_INFOPLIST_FILE = YES;
				INFOPLIST_FILE = liveactivity/Info.plist;
				INFOPLIST_KEY_CFBundleDisplayName = LiveActivityExtension;
				INFOPLIST_KEY_NSHumanReadableCopyright = "";
				IPHONEOS_DEPLOYMENT_TARGET = 26.0;
				LD_RUNPATH_SEARCH_PATHS = (
					"$(inherited)",
					"@executable_path/Frameworks",
					"@executable_path/../../Frameworks",
				);
				MARKETING_VERSION = 2.1;
				PRODUCT_BUNDLE_IDENTIFIER = com.amanbayserkeev.teymiahabit.liveactivity;
				PRODUCT_NAME = "$(TARGET_NAME)";
				SKIP_INSTALL = YES;
				SUPPORTED_PLATFORMS = "iphoneos iphonesimulator";
				SUPPORTS_MACCATALYST = NO;
				SUPPORTS_MAC_DESIGNED_FOR_IPHONE_IPAD = NO;
				SUPPORTS_XR_DESIGNED_FOR_IPHONE_IPAD = NO;
				SWIFT_EMIT_LOC_STRINGS = YES;
				SWIFT_VERSION = 5.0;
				TARGETED_DEVICE_FAMILY = 1;
			};
			name = Release;
		};
		07A95F062D9849F400044A7A /* Debug configuration for PBXProject "TeymiaHabit" */ = {
			isa = XCBuildConfiguration;
			buildSettings = {
				ALWAYS_SEARCH_USER_PATHS = NO;
				ASSETCATALOG_COMPILER_ALTERNATE_APPICON_NAMES = "";
				ASSETCATALOG_COMPILER_APPICON_NAME = AppIcon;
				ASSETCATALOG_COMPILER_GENERATE_SWIFT_ASSET_SYMBOL_EXTENSIONS = YES;
				ASSETCATALOG_COMPILER_INCLUDE_ALL_APPICON_ASSETS = YES;
				CLANG_ANALYZER_LOCALIZABILITY_NONLOCALIZED = YES;
				CLANG_ANALYZER_NONNULL = YES;
				CLANG_ANALYZER_NUMBER_OBJECT_CONVERSION = YES_AGGRESSIVE;
				CLANG_CXX_LANGUAGE_STANDARD = "gnu++20";
				CLANG_ENABLE_MODULES = YES;
				CLANG_ENABLE_OBJC_ARC = YES;
				CLANG_ENABLE_OBJC_WEAK = YES;
				CLANG_WARN_BLOCK_CAPTURE_AUTORELEASING = YES;
				CLANG_WARN_BOOL_CONVERSION = YES;
				CLANG_WARN_COMMA = YES;
				CLANG_WARN_CONSTANT_CONVERSION = YES;
				CLANG_WARN_DEPRECATED_OBJC_IMPLEMENTATIONS = YES;
				CLANG_WARN_DIRECT_OBJC_ISA_USAGE = YES_ERROR;
				CLANG_WARN_DOCUMENTATION_COMMENTS = YES;
				CLANG_WARN_EMPTY_BODY = YES;
				CLANG_WARN_ENUM_CONVERSION = YES;
				CLANG_WARN_INFINITE_RECURSION = YES;
				CLANG_WARN_INT_CONVERSION = YES;
				CLANG_WARN_NON_LITERAL_NULL_CONVERSION = YES;
				CLANG_WARN_OBJC_IMPLICIT_RETAIN_SELF = YES;
				CLANG_WARN_OBJC_LITERAL_CONVERSION = YES;
				CLANG_WARN_OBJC_ROOT_CLASS = YES_ERROR;
				CLANG_WARN_QUOTED_INCLUDE_IN_FRAMEWORK_HEADER = YES;
				CLANG_WARN_RANGE_LOOP_ANALYSIS = YES;
				CLANG_WARN_STRICT_PROTOTYPES = YES;
				CLANG_WARN_SUSPICIOUS_MOVE = YES;
				CLANG_WARN_UNGUARDED_AVAILABILITY = YES_AGGRESSIVE;
				CLANG_WARN_UNREACHABLE_CODE = YES;
				CLANG_WARN__DUPLICATE_METHOD_MATCH = YES;
				COPY_PHASE_STRIP = NO;
				DEBUG_INFORMATION_FORMAT = dwarf;
				DEVELOPMENT_TEAM = SXCBCPV7Y9;
				ENABLE_STRICT_OBJC_MSGSEND = YES;
				ENABLE_TESTABILITY = YES;
				ENABLE_USER_SCRIPT_SANDBOXING = YES;
				GCC_C_LANGUAGE_STANDARD = gnu17;
				GCC_DYNAMIC_NO_PIC = NO;
				GCC_NO_COMMON_BLOCKS = YES;
				GCC_OPTIMIZATION_LEVEL = 0;
				GCC_PREPROCESSOR_DEFINITIONS = (
					"DEBUG=1",
					"$(inherited)",
				);
				GCC_WARN_64_TO_32_BIT_CONVERSION = YES;
				GCC_WARN_ABOUT_RETURN_TYPE = YES_ERROR;
				GCC_WARN_UNDECLARED_SELECTOR = YES;
				GCC_WARN_UNINITIALIZED_AUTOS = YES_AGGRESSIVE;
				GCC_WARN_UNUSED_FUNCTION = YES;
				GCC_WARN_UNUSED_VARIABLE = YES;
				GENERATE_INFOPLIST_FILE = YES;
				IPHONEOS_DEPLOYMENT_TARGET = 18.2;
				LOCALIZATION_PREFERS_STRING_CATALOGS = YES;
				MTL_ENABLE_DEBUG_INFO = INCLUDE_SOURCE;
				MTL_FAST_MATH = YES;
				ONLY_ACTIVE_ARCH = YES;
				SDKROOT = iphoneos;
				STRING_CATALOG_GENERATE_SYMBOLS = YES;
				SWIFT_ACTIVE_COMPILATION_CONDITIONS = "DEBUG $(inherited)";
				SWIFT_EMIT_LOC_STRINGS = YES;
				SWIFT_OPTIMIZATION_LEVEL = "-Onone";
			};
			name = Debug;
		};
		07A95F072D9849F400044A7A /* Release configuration for PBXProject "TeymiaHabit" */ = {
			isa = XCBuildConfiguration;
			buildSettings = {
				ALWAYS_SEARCH_USER_PATHS = NO;
				ASSETCATALOG_COMPILER_ALTERNATE_APPICON_NAMES = "";
				ASSETCATALOG_COMPILER_APPICON_NAME = AppIcon;
				ASSETCATALOG_COMPILER_GENERATE_SWIFT_ASSET_SYMBOL_EXTENSIONS = YES;
				ASSETCATALOG_COMPILER_INCLUDE_ALL_APPICON_ASSETS = YES;
				CLANG_ANALYZER_LOCALIZABILITY_NONLOCALIZED = YES;
				CLANG_ANALYZER_NONNULL = YES;
				CLANG_ANALYZER_NUMBER_OBJECT_CONVERSION = YES_AGGRESSIVE;
				CLANG_CXX_LANGUAGE_STANDARD = "gnu++20";
				CLANG_ENABLE_MODULES = YES;
				CLANG_ENABLE_OBJC_ARC = YES;
				CLANG_ENABLE_OBJC_WEAK = YES;
				CLANG_WARN_BLOCK_CAPTURE_AUTORELEASING = YES;
				CLANG_WARN_BOOL_CONVERSION = YES;
				CLANG_WARN_COMMA = YES;
				CLANG_WARN_CONSTANT_CONVERSION = YES;
				CLANG_WARN_DEPRECATED_OBJC_IMPLEMENTATIONS = YES;
				CLANG_WARN_DIRECT_OBJC_ISA_USAGE = YES_ERROR;
				CLANG_WARN_DOCUMENTATION_COMMENTS = YES;
				CLANG_WARN_EMPTY_BODY = YES;
				CLANG_WARN_ENUM_CONVERSION = YES;
				CLANG_WARN_INFINITE_RECURSION = YES;
				CLANG_WARN_INT_CONVERSION = YES;
				CLANG_WARN_NON_LITERAL_NULL_CONVERSION = YES;
				CLANG_WARN_OBJC_IMPLICIT_RETAIN_SELF = YES;
				CLANG_WARN_OBJC_LITERAL_CONVERSION = YES;
				CLANG_WARN_OBJC_ROOT_CLASS = YES_ERROR;
				CLANG_WARN_QUOTED_INCLUDE_IN_FRAMEWORK_HEADER = YES;
				CLANG_WARN_RANGE_LOOP_ANALYSIS = YES;
				CLANG_WARN_STRICT_PROTOTYPES = YES;
				CLANG_WARN_SUSPICIOUS_MOVE = YES;
				CLANG_WARN_UNGUARDED_AVAILABILITY = YES_AGGRESSIVE;
				CLANG_WARN_UNREACHABLE_CODE = YES;
				CLANG_WARN__DUPLICATE_METHOD_MATCH = YES;
				COPY_PHASE_STRIP = NO;
				DEBUG_INFORMATION_FORMAT = "dwarf-with-dsym";
				DEVELOPMENT_TEAM = SXCBCPV7Y9;
				ENABLE_NS_ASSERTIONS = NO;
				ENABLE_STRICT_OBJC_MSGSEND = YES;
				ENABLE_USER_SCRIPT_SANDBOXING = YES;
				GCC_C_LANGUAGE_STANDARD = gnu17;
				GCC_NO_COMMON_BLOCKS = YES;
				GCC_WARN_64_TO_32_BIT_CONVERSION = YES;
				GCC_WARN_ABOUT_RETURN_TYPE = YES_ERROR;
				GCC_WARN_UNDECLARED_SELECTOR = YES;
				GCC_WARN_UNINITIALIZED_AUTOS = YES_AGGRESSIVE;
				GCC_WARN_UNUSED_FUNCTION = YES;
				GCC_WARN_UNUSED_VARIABLE = YES;
				GENERATE_INFOPLIST_FILE = YES;
				IPHONEOS_DEPLOYMENT_TARGET = 18.2;
				LOCALIZATION_PREFERS_STRING_CATALOGS = YES;
				MTL_ENABLE_DEBUG_INFO = NO;
				MTL_FAST_MATH = YES;
				SDKROOT = iphoneos;
				STRING_CATALOG_GENERATE_SYMBOLS = YES;
				SWIFT_COMPILATION_MODE = wholemodule;
				SWIFT_EMIT_LOC_STRINGS = YES;
				VALIDATE_PRODUCT = YES;
			};
			name = Release;
		};
		07A95F092D9849F400044A7A /* Debug configuration for PBXNativeTarget "TeymiaHabit" */ = {
			isa = XCBuildConfiguration;
			buildSettings = {
				ASSETCATALOG_COMPILER_ALTERNATE_APPICON_NAMES = "\"AppIconCyan, AppIconDark, AppIconIndigo, AppIconLime, AppIconMint, AppIconOrange, AppIconRaspberry, AppIconYellow\"";
				ASSETCATALOG_COMPILER_APPICON_NAME = AppIcon;
				ASSETCATALOG_COMPILER_INCLUDE_ALL_APPICON_ASSETS = YES;
				CODE_SIGN_ENTITLEMENTS = TeymiaHabit/TeymiaHabit.entitlements;
				CODE_SIGN_STYLE = Automatic;
				CURRENT_PROJECT_VERSION = 1;
				DEVELOPMENT_ASSET_PATHS = "";
				DEVELOPMENT_TEAM = SXCBCPV7Y9;
				ENABLE_APP_SANDBOX = YES;
				ENABLE_HARDENED_RUNTIME = YES;
				ENABLE_OUTGOING_NETWORK_CONNECTIONS = YES;
				ENABLE_PREVIEWS = YES;
				ENABLE_USER_SCRIPT_SANDBOXING = NO;
				GENERATE_INFOPLIST_FILE = NO;
				INFOPLIST_FILE = TeymiaHabit/Info.plist;
				INFOPLIST_KEY_CFBundleDisplayName = "Teymia Habit";
				INFOPLIST_KEY_ITSAppUsesNonExemptEncryption = NO;
				INFOPLIST_KEY_LSApplicationCategoryType = "public.app-category.productivity";
				INFOPLIST_KEY_UIApplicationSupportsIndirectInputEvents = YES;
				INFOPLIST_KEY_UILaunchScreen_Generation = YES;
				INFOPLIST_KEY_UILaunchStoryboardName = LaunchScreen.storyboard;
				INFOPLIST_KEY_UIRequiresFullScreen = YES;
				INFOPLIST_KEY_UISupportedInterfaceOrientations = UIInterfaceOrientationPortrait;
				INFOPLIST_KEY_UISupportedInterfaceOrientations_iPad = "UIInterfaceOrientationLandscapeLeft UIInterfaceOrientationLandscapeRight UIInterfaceOrientationPortrait";
				IPHONEOS_DEPLOYMENT_TARGET = 26.0;
				LD_RUNPATH_SEARCH_PATHS = (
					"$(inherited)",
					"@executable_path/Frameworks",
				);
				MACOSX_DEPLOYMENT_TARGET = 26.0;
				MARKETING_VERSION = 2.1;
				PRODUCT_BUNDLE_IDENTIFIER = com.amanbayserkeev.teymiahabit;
				PRODUCT_NAME = "$(TARGET_NAME)";
				REGISTER_APP_GROUPS = YES;
				SUPPORTED_PLATFORMS = "iphoneos iphonesimulator";
				SUPPORTS_MACCATALYST = YES;
				SUPPORTS_MAC_DESIGNED_FOR_IPHONE_IPAD = NO;
				SUPPORTS_XR_DESIGNED_FOR_IPHONE_IPAD = NO;
				SWIFT_EMIT_LOC_STRINGS = YES;
				SWIFT_VERSION = 5.0;
				TARGETED_DEVICE_FAMILY = "1,2";
			};
			name = Debug;
		};
		07A95F0A2D9849F400044A7A /* Release configuration for PBXNativeTarget "TeymiaHabit" */ = {
			isa = XCBuildConfiguration;
			buildSettings = {
				ASSETCATALOG_COMPILER_ALTERNATE_APPICON_NAMES = "\"AppIconCyan, AppIconDark, AppIconIndigo, AppIconLime, AppIconMint, AppIconOrange, AppIconRaspberry, AppIconYellow\"";
				ASSETCATALOG_COMPILER_APPICON_NAME = AppIcon;
				ASSETCATALOG_COMPILER_INCLUDE_ALL_APPICON_ASSETS = YES;
				CODE_SIGN_ENTITLEMENTS = TeymiaHabit/TeymiaHabit.entitlements;
				CODE_SIGN_STYLE = Automatic;
				CURRENT_PROJECT_VERSION = 1;
				DEVELOPMENT_ASSET_PATHS = "";
				DEVELOPMENT_TEAM = SXCBCPV7Y9;
				ENABLE_APP_SANDBOX = YES;
				ENABLE_HARDENED_RUNTIME = YES;
				ENABLE_OUTGOING_NETWORK_CONNECTIONS = YES;
				ENABLE_PREVIEWS = YES;
				ENABLE_USER_SCRIPT_SANDBOXING = NO;
				GENERATE_INFOPLIST_FILE = NO;
				INFOPLIST_FILE = TeymiaHabit/Info.plist;
				INFOPLIST_KEY_CFBundleDisplayName = "Teymia Habit";
				INFOPLIST_KEY_ITSAppUsesNonExemptEncryption = NO;
				INFOPLIST_KEY_LSApplicationCategoryType = "public.app-category.productivity";
				INFOPLIST_KEY_UIApplicationSupportsIndirectInputEvents = YES;
				INFOPLIST_KEY_UILaunchScreen_Generation = YES;
				INFOPLIST_KEY_UILaunchStoryboardName = LaunchScreen.storyboard;
				INFOPLIST_KEY_UIRequiresFullScreen = YES;
				INFOPLIST_KEY_UISupportedInterfaceOrientations = UIInterfaceOrientationPortrait;
				INFOPLIST_KEY_UISupportedInterfaceOrientations_iPad = "UIInterfaceOrientationLandscapeLeft UIInterfaceOrientationLandscapeRight UIInterfaceOrientationPortrait";
				IPHONEOS_DEPLOYMENT_TARGET = 26.0;
				LD_RUNPATH_SEARCH_PATHS = (
					"$(inherited)",
					"@executable_path/Frameworks",
				);
				MACOSX_DEPLOYMENT_TARGET = 26.0;
				MARKETING_VERSION = 2.1;
				PRODUCT_BUNDLE_IDENTIFIER = com.amanbayserkeev.teymiahabit;
				PRODUCT_NAME = "$(TARGET_NAME)";
				REGISTER_APP_GROUPS = YES;
				SUPPORTED_PLATFORMS = "iphoneos iphonesimulator";
				SUPPORTS_MACCATALYST = YES;
				SUPPORTS_MAC_DESIGNED_FOR_IPHONE_IPAD = NO;
				SUPPORTS_XR_DESIGNED_FOR_IPHONE_IPAD = NO;
				SWIFT_EMIT_LOC_STRINGS = YES;
				SWIFT_VERSION = 5.0;
				TARGETED_DEVICE_FAMILY = "1,2";
			};
			name = Release;
		};
		07EA6CDC2E31DFBC00171765 /* Debug configuration for PBXNativeTarget "TeymiaHabitWidgetsExtension" */ = {
			isa = XCBuildConfiguration;
			buildSettings = {
				ASSETCATALOG_COMPILER_GLOBAL_ACCENT_COLOR_NAME = AccentColor;
				ASSETCATALOG_COMPILER_INCLUDE_ALL_APPICON_ASSETS = NO;
				ASSETCATALOG_COMPILER_WIDGET_BACKGROUND_COLOR_NAME = WidgetBackground;
				CODE_SIGN_ENTITLEMENTS = Widgets/TeymiaHabitWidgetsExtension.entitlements;
				CODE_SIGN_STYLE = Automatic;
				CURRENT_PROJECT_VERSION = 1;
				DEVELOPMENT_TEAM = SXCBCPV7Y9;
				GENERATE_INFOPLIST_FILE = YES;
				INFOPLIST_FILE = Widgets/Info.plist;
				INFOPLIST_KEY_CFBundleDisplayName = TeymiaHabitWidgets;
				INFOPLIST_KEY_NSHumanReadableCopyright = "";
				IPHONEOS_DEPLOYMENT_TARGET = 26.0;
				LD_RUNPATH_SEARCH_PATHS = (
					"$(inherited)",
					"@executable_path/Frameworks",
					"@executable_path/../../Frameworks",
				);
				MARKETING_VERSION = 2.1;
				PRODUCT_BUNDLE_IDENTIFIER = com.amanbayserkeev.teymiahabit.TeymiaHabitWidgets;
				PRODUCT_NAME = "$(TARGET_NAME)";
				SKIP_INSTALL = YES;
				SUPPORTED_PLATFORMS = "iphoneos iphonesimulator";
				SUPPORTS_MACCATALYST = NO;
				SUPPORTS_MAC_DESIGNED_FOR_IPHONE_IPAD = NO;
				SUPPORTS_XR_DESIGNED_FOR_IPHONE_IPAD = NO;
				SWIFT_EMIT_LOC_STRINGS = YES;
				SWIFT_VERSION = 5.0;
				TARGETED_DEVICE_FAMILY = 1;
			};
			name = Debug;
		};
		07EA6CDD2E31DFBC00171765 /* Release configuration for PBXNativeTarget "TeymiaHabitWidgetsExtension" */ = {
			isa = XCBuildConfiguration;
			buildSettings = {
				ASSETCATALOG_COMPILER_GLOBAL_ACCENT_COLOR_NAME = AccentColor;
				ASSETCATALOG_COMPILER_INCLUDE_ALL_APPICON_ASSETS = NO;
				ASSETCATALOG_COMPILER_WIDGET_BACKGROUND_COLOR_NAME = WidgetBackground;
				CODE_SIGN_ENTITLEMENTS = Widgets/TeymiaHabitWidgetsExtension.entitlements;
				CODE_SIGN_STYLE = Automatic;
				CURRENT_PROJECT_VERSION = 1;
				DEVELOPMENT_TEAM = SXCBCPV7Y9;
				GENERATE_INFOPLIST_FILE = YES;
				INFOPLIST_FILE = Widgets/Info.plist;
				INFOPLIST_KEY_CFBundleDisplayName = TeymiaHabitWidgets;
				INFOPLIST_KEY_NSHumanReadableCopyright = "";
				IPHONEOS_DEPLOYMENT_TARGET = 26.0;
				LD_RUNPATH_SEARCH_PATHS = (
					"$(inherited)",
					"@executable_path/Frameworks",
					"@executable_path/../../Frameworks",
				);
				MARKETING_VERSION = 2.1;
				PRODUCT_BUNDLE_IDENTIFIER = com.amanbayserkeev.teymiahabit.TeymiaHabitWidgets;
				PRODUCT_NAME = "$(TARGET_NAME)";
				SKIP_INSTALL = YES;
				SUPPORTED_PLATFORMS = "iphoneos iphonesimulator";
				SUPPORTS_MACCATALYST = NO;
				SUPPORTS_MAC_DESIGNED_FOR_IPHONE_IPAD = NO;
				SUPPORTS_XR_DESIGNED_FOR_IPHONE_IPAD = NO;
				SWIFT_EMIT_LOC_STRINGS = YES;
				SWIFT_VERSION = 5.0;
				TARGETED_DEVICE_FAMILY = 1;
			};
			name = Release;
		};
		07F515A92F9E10B500DBC1B4 /* Debug configuration for PBXNativeTarget "TeymiaHabitTests" */ = {
			isa = XCBuildConfiguration;
			buildSettings = {
				BUNDLE_LOADER = "$(TEST_HOST)";
				CLANG_ENABLE_MODULES = YES;
				CODE_SIGN_STYLE = Automatic;
				CURRENT_PROJECT_VERSION = 1;
				DEAD_CODE_STRIPPING = YES;
				DEVELOPMENT_TEAM = SXCBCPV7Y9;
				GENERATE_INFOPLIST_FILE = YES;
				IPHONEOS_DEPLOYMENT_TARGET = 26.0;
				MACOSX_DEPLOYMENT_TARGET = 26.0;
				MARKETING_VERSION = 1.0;
				PRODUCT_BUNDLE_IDENTIFIER = com.amanbayserkeev.TeymiaHabitTests;
				PRODUCT_NAME = "$(TARGET_NAME)";
				SDKROOT = auto;
				STRING_CATALOG_GENERATE_SYMBOLS = NO;
				SUPPORTED_PLATFORMS = "iphoneos iphonesimulator";
				SUPPORTS_MACCATALYST = YES;
				SWIFT_APPROACHABLE_CONCURRENCY = YES;
				SWIFT_EMIT_LOC_STRINGS = NO;
				SWIFT_OPTIMIZATION_LEVEL = "-Onone";
				SWIFT_UPCOMING_FEATURE_MEMBER_IMPORT_VISIBILITY = YES;
				SWIFT_VERSION = 5.0;
				TARGETED_DEVICE_FAMILY = "1,2";
				TEST_HOST = "$(BUILT_PRODUCTS_DIR)/TeymiaHabit.app/$(BUNDLE_EXECUTABLE_FOLDER_PATH)/TeymiaHabit";
				XROS_DEPLOYMENT_TARGET = 26.4;
			};
			name = Debug;
		};
		07F515AA2F9E10B500DBC1B4 /* Release configuration for PBXNativeTarget "TeymiaHabitTests" */ = {
			isa = XCBuildConfiguration;
			buildSettings = {
				BUNDLE_LOADER = "$(TEST_HOST)";
				CLANG_ENABLE_MODULES = YES;
				CODE_SIGN_STYLE = Automatic;
				CURRENT_PROJECT_VERSION = 1;
				DEAD_CODE_STRIPPING = YES;
				DEVELOPMENT_TEAM = SXCBCPV7Y9;
				GENERATE_INFOPLIST_FILE = YES;
				IPHONEOS_DEPLOYMENT_TARGET = 26.0;
				MACOSX_DEPLOYMENT_TARGET = 26.0;
				MARKETING_VERSION = 1.0;
				PRODUCT_BUNDLE_IDENTIFIER = com.amanbayserkeev.TeymiaHabitTests;
				PRODUCT_NAME = "$(TARGET_NAME)";
				SDKROOT = auto;
				STRING_CATALOG_GENERATE_SYMBOLS = NO;
				SUPPORTED_PLATFORMS = "iphoneos iphonesimulator";
				SUPPORTS_MACCATALYST = YES;
				SWIFT_APPROACHABLE_CONCURRENCY = YES;
				SWIFT_EMIT_LOC_STRINGS = NO;
				SWIFT_UPCOMING_FEATURE_MEMBER_IMPORT_VISIBILITY = YES;
				SWIFT_VERSION = 5.0;
				TARGETED_DEVICE_FAMILY = "1,2";
				TEST_HOST = "$(BUILT_PRODUCTS_DIR)/TeymiaHabit.app/$(BUNDLE_EXECUTABLE_FOLDER_PATH)/TeymiaHabit";
				XROS_DEPLOYMENT_TARGET = 26.4;
			};
			name = Release;
		};
/* End XCBuildConfiguration section */

/* Begin XCConfigurationList section */
		077FAE822E12DE7E007790C5 /* Build configuration list for PBXNativeTarget "liveactivityExtension" */ = {
			isa = XCConfigurationList;
			buildConfigurations = (
				077FAE832E12DE7E007790C5 /* Debug configuration for PBXNativeTarget "liveactivityExtension" */,
				077FAE842E12DE7E007790C5 /* Release configuration for PBXNativeTarget "liveactivityExtension" */,
			);
			defaultConfigurationName = Release;
		};
		07A95EF52D9849F300044A7A /* Build configuration list for PBXProject "TeymiaHabit" */ = {
			isa = XCConfigurationList;
			buildConfigurations = (
				07A95F062D9849F400044A7A /* Debug configuration for PBXProject "TeymiaHabit" */,
				07A95F072D9849F400044A7A /* Release configuration for PBXProject "TeymiaHabit" */,
			);
			defaultConfigurationName = Release;
		};
		07A95F082D9849F400044A7A /* Build configuration list for PBXNativeTarget "TeymiaHabit" */ = {
			isa = XCConfigurationList;
			buildConfigurations = (
				07A95F092D9849F400044A7A /* Debug configuration for PBXNativeTarget "TeymiaHabit" */,
				07A95F0A2D9849F400044A7A /* Release configuration for PBXNativeTarget "TeymiaHabit" */,
			);
			defaultConfigurationName = Release;
		};
		07EA6CDE2E31DFBC00171765 /* Build configuration list for PBXNativeTarget "TeymiaHabitWidgetsExtension" */ = {
			isa = XCConfigurationList;
			buildConfigurations = (
				07EA6CDC2E31DFBC00171765 /* Debug configuration for PBXNativeTarget "TeymiaHabitWidgetsExtension" */,
				07EA6CDD2E31DFBC00171765 /* Release configuration for PBXNativeTarget "TeymiaHabitWidgetsExtension" */,
			);
			defaultConfigurationName = Release;
		};
		07F515A82F9E10B500DBC1B4 /* Build configuration list for PBXNativeTarget "TeymiaHabitTests" */ = {
			isa = XCConfigurationList;
			buildConfigurations = (
				07F515A92F9E10B500DBC1B4 /* Debug configuration for PBXNativeTarget "TeymiaHabitTests" */,
				07F515AA2F9E10B500DBC1B4 /* Release configuration for PBXNativeTarget "TeymiaHabitTests" */,
			);
			defaultConfigurationName = Release;
		};
/* End XCConfigurationList section */
	};
	rootObject = 07A95EF22D9849F300044A7A /* Project object */;
}
